
Microsoft Visual Studio Solution File, Format Version 12.00
# Visual Studio Version 16
VisualStudioVersion = 16.0.29102.190
MinimumVisualStudioVersion = 10.0.40219.1
Project("{9A19103F-16F7-4668-BE54-9A1E7A4F7556}") = "PhoneBook.Model", "PhoneBook.Model\PhoneBook.Model.csproj", "{EE4BE743-4B93-4A49-A79A-7E72840F051C}"
EndProject
Project("{9A19103F-16F7-4668-BE54-9A1E7A4F7556}") = "PhoneBook.API", "PhoneBook.API\PhoneBook.API.csproj", "{B792A1B4-BFDF-4987-A335-5EC732FEA244}"
EndProject
Project("{FAE04EC0-301F-11D3-BF4B-00C04F79EFBC}") = "PhoneBook.Web", "PhoneBook.Web\PhoneBook.Web.csproj", "{C4394819-CBD4-499F-A1B4-E93FA9A6E9DC}"
EndProject
Global
	GlobalSection(SolutionConfigurationPlatforms) = preSolution
		Debug|Any CPU = Debug|Any CPU
		Release|Any CPU = Release|Any CPU
	EndGlobalSection
	GlobalSection(ProjectConfigurationPlatforms) = postSolution
		{EE4BE743-4B93-4A49-A79A-7E72840F051C}.Debug|Any CPU.ActiveCfg = Debug|Any CPU
		{EE4BE743-4B93-4A49-A79A-7E72840F051C}.Debug|Any CPU.Build.0 = Debug|Any CPU
		{EE4BE743-4B93-4A49-A79A-7E72840F051C}.Release|Any CPU.ActiveCfg = Release|Any CPU
		{EE4BE743-4B93-4A49-A79A-7E72840F051C}.Release|Any CPU.Build.0 = Release|Any CPU
		{B792A1B4-BFDF-4987-A335-5EC732FEA244}.Debug|Any CPU.ActiveCfg = Debug|Any CPU
		{B792A1B4-BFDF-4987-A335-5EC732FEA244}.Debug|Any CPU.Build.0 = Debug|Any CPU
		{B792A1B4-BFDF-4987-A335-5EC732FEA244}.Release|Any CPU.ActiveCfg = Release|Any CPU
		{B792A1B4-BFDF-4987-A335-5EC732FEA244}.Release|Any CPU.Build.0 = Release|Any CPU
		{C4394819-CBD4-499F-A1B4-E93FA9A6E9DC}.Debug|Any CPU.ActiveCfg = Debug|Any CPU
		{C4394819-CBD4-499F-A1B4-E93FA9A6E9DC}.Debug|Any CPU.Build.0 = Debug|Any CPU
		{C4394819-CBD4-499F-A1B4-E93FA9A6E9DC}.Release|Any CPU.ActiveCfg = Release|Any CPU
		{C4394819-CBD4-499F-A1B4-E93FA9A6E9DC}.Release|Any CPU.Build.0 = Release|Any CPU
	EndGlobalSection
	GlobalSection(SolutionProperties) = preSolution
		HideSolutionNode = FALSE
	EndGlobalSection
	GlobalSection(ExtensibilityGlobals) = postSolution
		SolutionGuid = {AE053C61-CAED-4CE3-9EE5-405ECE246DD8}
	EndGlobalSection
EndGlobal
